
Microsoft Visual Studio Solution File, Format Version 12.00
# Visual Studio Version 17
VisualStudioVersion = 17.0.32014.148
MinimumVisualStudioVersion = 10.0.40219.1
Project("{FAE04EC0-301F-11D3-BF4B-00C04F79EFBC}") = "AdoNetDemo", "AdoNetDemo\AdoNetDemo.csproj", "{A353BBD4-4C85-4CBE-88F5-033D5264C4EF}"
EndProject
Global
	GlobalSection(SolutionConfigurationPlatforms) = preSolution
		Debug|Any CPU = Debug|Any CPU
		Release|Any CPU = Release|Any CPU
	EndGlobalSection
	GlobalSection(ProjectConfigurationPlatforms) = postSolution
		{A353BBD4-4C85-4CBE-88F5-033D5264C4EF}.Debug|Any CPU.ActiveCfg = Debug|Any CPU
		{A353BBD4-4C85-4CBE-88F5-033D5264C4EF}.Debug|Any CPU.Build.0 = Debug|Any CPU
		{A353BBD4-4C85-4CBE-88F5-033D5264C4EF}.Release|Any CPU.ActiveCfg = Release|Any CPU
		{A353BBD4-4C85-4CBE-88F5-033D5264C4EF}.Release|Any CPU.Build.0 = Release|Any CPU
	EndGlobalSection
	GlobalSection(SolutionProperties) = preSolution
		HideSolutionNode = FALSE
	EndGlobalSection
	GlobalSection(ExtensibilityGlobals) = postSolution
		SolutionGuid = {1374199B-C77F-4F2F-85C5-C562F945876A}
	EndGlobalSection
EndGlobal
